
Microsoft Visual Studio Solution File, Format Version 12.00
# Visual Studio Version 17
VisualStudioVersion = 17.1.32328.378
MinimumVisualStudioVersion = 10.0.40219.1
Project("{9A19103F-16F7-4668-BE54-9A1E7A4F7556}") = "EFTClient", "EFTClient\EFTClient.csproj", "{8CCB9172-0CF0-4707-A56D-0F14A2488DBA}"
EndProject
Project("{9A19103F-16F7-4668-BE54-9A1E7A4F7556}") = "PointOfSale", "PointOfSale\PointOfSale.csproj", "{0375CA1D-D399-44E8-8D21-C619B1618116}"
EndProject
Project("{9A19103F-16F7-4668-BE54-9A1E7A4F7556}") = "EFTServerApp", "EFTServerApp\EFTServerApp.csproj", "{F4A383A4-6AA8-4424-B0CD-A989796F1E55}"
EndProject
Global
	GlobalSection(SolutionConfigurationPlatforms) = preSolution
		Debug|Any CPU = Debug|Any CPU
		Release|Any CPU = Release|Any CPU
	EndGlobalSection
	GlobalSection(ProjectConfigurationPlatforms) = postSolution
		{8CCB9172-0CF0-4707-A56D-0F14A2488DBA}.Debug|Any CPU.ActiveCfg = Debug|Any CPU
		{8CCB9172-0CF0-4707-A56D-0F14A2488DBA}.Debug|Any CPU.Build.0 = Debug|Any CPU
		{8CCB9172-0CF0-4707-A56D-0F14A2488DBA}.Release|Any CPU.ActiveCfg = Release|Any CPU
		{8CCB9172-0CF0-4707-A56D-0F14A2488DBA}.Release|Any CPU.Build.0 = Release|Any CPU
		{0375CA1D-D399-44E8-8D21-C619B1618116}.Debug|Any CPU.ActiveCfg = Debug|Any CPU
		{0375CA1D-D399-44E8-8D21-C619B1618116}.Debug|Any CPU.Build.0 = Debug|Any CPU
		{0375CA1D-D399-44E8-8D21-C619B1618116}.Release|Any CPU.ActiveCfg = Release|Any CPU
		{0375CA1D-D399-44E8-8D21-C619B1618116}.Release|Any CPU.Build.0 = Release|Any CPU
		{F4A383A4-6AA8-4424-B0CD-A989796F1E55}.Debug|Any CPU.ActiveCfg = Debug|Any CPU
		{F4A383A4-6AA8-4424-B0CD-A989796F1E55}.Debug|Any CPU.Build.0 = Debug|Any CPU
		{F4A383A4-6AA8-4424-B0CD-A989796F1E55}.Release|Any CPU.ActiveCfg = Release|Any CPU
		{F4A383A4-6AA8-4424-B0CD-A989796F1E55}.Release|Any CPU.Build.0 = Release|Any CPU
	EndGlobalSection
	GlobalSection(SolutionProperties) = preSolution
		HideSolutionNode = FALSE
	EndGlobalSection
	GlobalSection(ExtensibilityGlobals) = postSolution
		SolutionGuid = {F873989E-A130-415F-BD07-CF2A5E63D379}
	EndGlobalSection
EndGlobal
